# IoTox rev0041 source dependency lock.
# Immutable release artifacts only. Update through an explicit revision decision.
# License identifiers record the pinned source declaration; distribution still requires legal review.

IOTOX_C_TOXCORE_VERSION='0.2.23'
IOTOX_C_TOXCORE_URL='https://github.com/TokTok/c-toxcore/releases/download/v0.2.23/c-toxcore-0.2.23.tar.gz'
IOTOX_C_TOXCORE_SHA256='b0349f4829d3d1699a77e199850f870f48d376e2baaf2c69d27b28571c498cfe'
IOTOX_C_TOXCORE_RELEASE_DATE='2026-06-03'
IOTOX_C_TOXCORE_LICENSE='GPL-3.0-or-later'

# Qualification-only previous provider. This is never linked into the product;
# qualification gates use it only to exercise the exact 0.2.22 -> 0.2.23
# savedata and two-Sandwurm-guest rolling boundaries through disposable
# mutually friended identities.
IOTOX_C_TOXCORE_UPGRADE_FROM_VERSION='0.2.22'
IOTOX_C_TOXCORE_UPGRADE_FROM_URL='https://github.com/TokTok/c-toxcore/releases/download/v0.2.22/c-toxcore-v0.2.22.tar.gz'
IOTOX_C_TOXCORE_UPGRADE_FROM_SHA256='276d447eb94e9d76e802cecc5ca7660c6c15128a83dfbe4353b678972aeb950a'
IOTOX_C_TOXCORE_UPGRADE_FROM_RELEASE_DATE='2026-02-07'
IOTOX_C_TOXCORE_UPGRADE_FROM_LICENSE='GPL-3.0-or-later'

# c-toxcore's release archive omits its Git submodule content. This is the
# exact gitlink recorded by the signed v0.2.23 release commit.
IOTOX_CMP_COMMIT='52bfcfa17d2eb4322da2037ad625f5575129cece'
IOTOX_CMP_URL='https://github.com/TokTok/cmp/archive/52bfcfa17d2eb4322da2037ad625f5575129cece.tar.gz'
IOTOX_CMP_SHA256='4abfd641dd5ccba04b6e0ced04a79755fa70709290b3ba15dbd4b4a2de345ed0'
IOTOX_CMP_LICENSE='MIT'

IOTOX_LIBSODIUM_VERSION='1.0.22'
IOTOX_LIBSODIUM_URL='https://download.libsodium.org/libsodium/releases/libsodium-1.0.22.tar.gz'
IOTOX_LIBSODIUM_SHA256='adbdd8f16149e81ac6078a03aca6fc03b592b89ef7b5ed83841c086191be3349'
IOTOX_LIBSODIUM_RELEASE_DATE='2026-04-10'
IOTOX_LIBSODIUM_LICENSE='ISC'

IOTOX_ARGON2_VERSION='20190702'
IOTOX_ARGON2_URL='https://github.com/P-H-C/phc-winner-argon2/archive/refs/tags/20190702.tar.gz'
IOTOX_ARGON2_SHA256='daf972a89577f8772602bf2eb38b6a3dd3d922bf5724d45e7f9589b5e830442c'
IOTOX_ARGON2_RELEASE_DATE='2019-07-02'
IOTOX_ARGON2_LICENSE='Apache-2.0 OR CC0-1.0'

# Vendored verbatim and compiled into RecallRoot-v1. This is a product data
# component even though the standalone builder does not fetch it.
IOTOX_EFF_WORDLIST_VERSION='2016-07-18'
IOTOX_EFF_WORDLIST_URL='https://www.eff.org/files/2016/07/18/eff_large_wordlist.txt'
IOTOX_EFF_WORDLIST_SHA256='addd35536511597a02fa0a9ff1e5284677b8883b83e986e43f15a3db996b903e'
IOTOX_EFF_WORDLIST_LICENSE='CC-BY-3.0'

# Optional deployment payloads. These are statically built into the separate
# iotox-rescue-toolbox payload; neither is linked into the IoTox executable or
# counted in its source-component SBOM.
IOTOX_RESCUE_OKSH_VERSION='7.9'
IOTOX_RESCUE_OKSH_URL='https://github.com/ibara/oksh/archive/oksh-7.9.tar.gz'
IOTOX_RESCUE_OKSH_SHA256='1dc923da1a2bd52d4035e2ae0463d8fed353339d6e692ff747926d2125346f2e'
IOTOX_RESCUE_OKSH_LICENSE='LicenseRef-Public-Domain AND BSD-3-Clause AND ISC'

IOTOX_RESCUE_TOYBOX_VERSION='0.8.14'
IOTOX_RESCUE_TOYBOX_URL='https://github.com/landley/toybox/archive/refs/tags/0.8.14.tar.gz'
IOTOX_RESCUE_TOYBOX_SHA256='082df8cfd76135ce3c4820c8cf4c0081d61491e0990aff2da48e21fc9bbb24d1'
IOTOX_RESCUE_TOYBOX_LICENSE='0BSD'
